// !$*UTF8*$!
{
	archiveVersion = 1;
	classes = {
	};
	objectVersion = 46;
	objects = {

/* Begin PBXBuildFile section */
		35B5EA521BF469FD0003E27C /* main.m in Sources */ = {isa = PBXBuildFile; fileRef = 35B5EA511BF469FD0003E27C /* main.m */; };
		35B5EA551BF469FD0003E27C /* AppDelegate.m in Sources */ = {isa = PBXBuildFile; fileRef = 35B5EA541BF469FD0003E27C /* AppDelegate.m */; };
		35B5EA581BF469FD0003E27C /* ViewController.m in Sources */ = {isa = PBXBuildFile; fileRef = 35B5EA571BF469FD0003E27C /* ViewController.m */; };
		35B5EA5B1BF469FE0003E27C /* Main.storyboard in Resources */ = {isa = PBXBuildFile; fileRef = 35B5EA591BF469FE0003E27C /* Main.storyboard */; };
		35B5EA5D1BF469FE0003E27C /* Assets.xcassets in Resources */ = {isa = PBXBuildFile; fileRef = 35B5EA5C1BF469FE0003E27C /* Assets.xcassets */; };
		35B5EA601BF469FE0003E27C /* LaunchScreen.storyboard in Resources */ = {isa = PBXBuildFile; fileRef = 35B5EA5E1BF469FE0003E27C /* LaunchScreen.storyboard */; };
/* End PBXBuildFile section */

/* Begin PBXFileReference section */
		35B5EA4D1BF469FD0003E27C /* AudioRecorder.app */ = {isa = PBXFileReference; explicitFileType = wrapper.application; includeInIndex = 0; path = AudioRecorder.app; sourceTree = BUILT_PRODUCTS_DIR; };
		35B5EA511BF469FD0003E27C /* main.m */ = {isa = PBXFileReference; lastKnownFileType = sourcecode.c.objc; path = main.m; sourceTree = "<group>"; };
		35B5EA531BF469FD0003E27C /* AppDelegate.h */ = {isa = PBXFileReference; lastKnownFileType = sourcecode.c.h; path = AppDelegate.h; sourceTree = "<group>"; };
		35B5EA541BF469FD0003E27C /* AppDelegate.m */ = {isa = PBXFileReference; lastKnownFileType = sourcecode.c.objc; path = AppDelegate.m; sourceTree = "<group>"; };
		35B5EA561BF469FD0003E27C /* ViewController.h */ = {isa = PBXFileReference; lastKnownFileType = sourcecode.c.h; path = ViewController.h; sourceTree = "<group>"; };
		35B5EA571BF469FD0003E27C /* ViewController.m */ = {isa = PBXFileReference; lastKnownFileType = sourcecode.c.objc; path = ViewController.m; sourceTree = "<group>"; };
		35B5EA5A1BF469FE0003E27C /* Base */ = {isa = PBXFileReference; lastKnownFileType = file.storyboard; name = Base; path = Base.lproj/Main.storyboard; sourceTree = "<group>"; };
		35B5EA5C1BF469FE0003E27C /* Assets.xcassets */ = {isa = PBXFileReference; lastKnownFileType = folder.assetcatalog; path = Assets.xcassets; sourceTree = "<group>"; };
		35B5EA5F1BF469FE0003E27C /* Base */ = {isa = PBXFileReference; lastKnownFileType = file.storyboard; name = Base; path = Base.lproj/LaunchScreen.storyboard; sourceTree = "<group>"; };
		35B5EA611BF469FE0003E27C /* Info.plist */ = {isa = PBXFileReference; lastKnownFileType = text.plist.xml; path = Info.plist; sourceTree = "<group>"; };
/* End PBXFileReference section */

/* Begin PBXFrameworksBuildPhase section */
		35B5EA4A1BF469FD0003E27C /* Frameworks */ = {
			isa = PBXFrameworksBuildPhase;
			buildActionMask = 2147483647;
			files = (
			);
			runOnlyForDeploymentPostprocessing = 0;
		};
/* End PBXFrameworksBuildPhase section */

/* Begin PBXGroup section */
		35B5EA441BF469FD0003E27C = {
			isa = PBXGroup;
			children = (
				35B5EA4F1BF469FD0003E27C /* AudioRecorder */,
				35B5EA4E1BF469FD0003E27C /* Products */,
			);
			sourceTree = "<group>";
		};
		35B5EA4E1BF469FD0003E27C /* Products */ = {
			isa = PBXGroup;
			children = (
				35B5EA4D1BF469FD0003E27C /* AudioRecorder.app */,
			);
			name = Products;
			sourceTree = "<group>";
		};
		35B5EA4F1BF469FD0003E27C /* AudioRecorder */ = {
			isa = PBXGroup;
			children = (
				35B5EA531BF469FD0003E27C /* AppDelegate.h */,
				35B5EA541BF469FD0003E27C /* AppDelegate.m */,
				35B5EA561BF469FD0003E27C /* ViewController.h */,
				35B5EA571BF469FD0003E27C /* ViewController.m */,
				35B5EA591BF469FE0003E27C /* Main.storyboard */,
				35B5EA5C1BF469FE0003E27C /* Assets.xcassets */,
				35B5EA5E1BF469FE0003E27C /* LaunchScreen.storyboard */,
				35B5EA611BF469FE0003E27C /* Info.plist */,
				35B5EA501BF469FD0003E27C /* Supporting Files */,
			);
			path = AudioRecorder;
			sourceTree = "<group>";
		};
		35B5EA501BF469FD0003E27C /* Supporting Files */ = {
			isa = PBXGroup;
			children = (
				35B5EA511BF469FD0003E27C /* main.m */,
			);
			name = "Supporting Files";
			sourceTree = "<group>";
		};
/* End PBXGroup section */

/* Begin PBXNativeTarget section */
		35B5EA4C1BF469FD0003E27C /* AudioRecorder */ = {
			isa = PBXNativeTarget;
			buildConfigurationList = 35B5EA641BF469FE0003E27C /* Build configuration list for PBXNativeTarget "AudioRecorder" */;
			buildPhases = (
				35B5EA491BF469FD0003E27C /* Sources */,
				35B5EA4A1BF469FD0003E27C /* Frameworks */,
				35B5EA4B1BF469FD0003E27C /* Resources */,
			);
			buildRules = (
			);
			dependencies = (
			);
			name = AudioRecorder;
			productName = AudioRecorder;
			productReference = 35B5EA4D1BF469FD0003E27C /* AudioRecorder.app */;
			productType = "com.apple.product-type.application";
		};
/* End PBXNativeTarget section */

/* Begin PBXProject section */
		35B5EA451BF469FD0003E27C /* Project object */ = {
			isa = PBXProject;
			attributes = {
				LastUpgradeCheck = 0710;
				TargetAttributes = {
					35B5EA4C1BF469FD0003E27C = {
						CreatedOnToolsVersion = 7.1;
					};
				};
			};
			buildConfigurationList = 35B5EA481BF469FD0003E27C /* Build configuration list for PBXProject "AudioRecorder" */;
			compatibilityVersion = "Xcode 3.2";
			developmentRegion = English;
			hasScannedForEncodings = 0;
			knownRegions = (
				en,
				Base,
			);
			mainGroup = 35B5EA441BF469FD0003E27C;
			productRefGroup = 35B5EA4E1BF469FD0003E27C /* Products */;
			projectDirPath = "";
			projectRoot = "";
			targets = (
				35B5EA4C1BF469FD0003E27C /* AudioRecorder */,
			);
		};
/* End PBXProject section */

/* Begin PBXResourcesBuildPhase section */
		35B5EA4B1BF469FD0003E27C /* Resources */ = {
			isa = PBXResourcesBuildPhase;
			buildActionMask = 2147483647;
			files = (
				35B5EA601BF469FE0003E27C /* LaunchScreen.storyboard in Resources */,
				35B5EA5D1BF469FE0003E27C /* Assets.xcassets in Resources */,
				35B5EA5B1BF469FE0003E27C /* Main.storyboard in Resources */,
			);
			runOnlyForDeploymentPostprocessing = 0;
		};
/* End PBXResourcesBuildPhase section */

/* Begin PBXSourcesBuildPhase section */
		35B5EA491BF469FD0003E27C /* Sources */ = {
			isa = PBXSourcesBuildPhase;
			buildActionMask = 2147483647;
			files = (
				35B5EA581BF469FD0003E27C /* ViewController.m in Sources */,
				35B5EA551BF469FD0003E27C /* AppDelegate.m in Sources */,
				35B5EA521BF469FD0003E27C /* main.m in Sources */,
			);
			runOnlyForDeploymentPostprocessing = 0;
		};
/* End PBXSourcesBuildPhase section */

/* Begin PBXVariantGroup section */
		35B5EA591BF469FE0003E27C /* Main.storyboard */ = {
			isa = PBXVariantGroup;
			children = (
				35B5EA5A1BF469FE0003E27C /* Base */,
			);
			name = Main.storyboard;
			sourceTree = "<group>";
		};
		35B5EA5E1BF469FE0003E27C /* LaunchScreen.storyboard */ = {
			isa = PBXVariantGroup;
			children = (
				35B5EA5F1BF469FE0003E27C /* Base */,
			);
			name = LaunchScreen.storyboard;
			sourceTree = "<group>";
		};
/* End PBXVariantGroup section */

/* Begin XCBuildConfiguration section */
		35B5EA621BF469FE0003E27C /* Debug */ = {
			isa = XCBuildConfiguration;
			buildSettings = {
				ALWAYS_SEARCH_USER_PATHS = NO;
				CLANG_CXX_LANGUAGE_STANDARD = "gnu++0x";
				CLANG_CXX_LIBRARY = "libc++";
				CLANG_ENABLE_MODULES = YES;
				CLANG_ENABLE_OBJC_ARC = YES;
				CLANG_WARN_BOOL_CONVERSION = YES;
				CLANG_WARN_CONSTANT_CONVERSION = YES;
				CLANG_WARN_DIRECT_OBJC_ISA_USAGE = YES_ERROR;
				CLANG_WARN_EMPTY_BODY = YES;
				CLANG_WARN_ENUM_CONVERSION = YES;
				CLANG_WARN_INT_CONVERSION = YES;
				CLANG_WARN_OBJC_ROOT_CLASS = YES_ERROR;
				CLANG_WARN_UNREACHABLE_CODE = YES;
				CLANG_WARN__DUPLICATE_METHOD_MATCH = YES;
				"CODE_SIGN_IDENTITY[sdk=iphoneos*]" = "iPhone Developer";
				COPY_PHASE_STRIP = NO;
				DEBUG_INFORMATION_FORMAT = dwarf;
				ENABLE_STRICT_OBJC_MSGSEND = YES;
				ENABLE_TESTABILITY = YES;
				GCC_C_LANGUAGE_STANDARD = gnu99;
				GCC_DYNAMIC_NO_PIC = NO;
				GCC_NO_COMMON_BLOCKS = YES;
				GCC_OPTIMIZATION_LEVEL = 0;
				GCC_PREPROCESSOR_DEFINITIONS = (
					"DEBUG=1",
					"$(inherited)",
				);
				GCC_WARN_64_TO_32_BIT_CONVERSION = YES;
				GCC_WARN_ABOUT_RETURN_TYPE = YES_ERROR;
				GCC_WARN_UNDECLARED_SELECTOR = YES;
				GCC_WARN_UNINITIALIZED_AUTOS = YES_AGGRESSIVE;
				GCC_WARN_UNUSED_FUNCTION = YES;
				GCC_WARN_UNUSED_VARIABLE = YES;
				IPHONEOS_DEPLOYMENT_TARGET = 7.1;
				MTL_ENABLE_DEBUG_INFO = YES;
				ONLY_ACTIVE_ARCH = YES;
				SDKROOT = iphoneos;
			};
			name = Debug;
		};
		35B5EA631BF469FE0003E27C /* Release */ = {
			isa = XCBuildConfiguration;
			buildSettings = {
				ALWAYS_SEARCH_USER_PATHS = NO;
				CLANG_CXX_LANGUAGE_STANDARD = "gnu++0x";
				CLANG_CXX_LIBRARY = "libc++";
				CLANG_ENABLE_MODULES = YES;
				CLANG_ENABLE_OBJC_ARC = YES;
				CLANG_WARN_BOOL_CONVERSION = YES;
				CLANG_WARN_CONSTANT_CONVERSION = YES;
				CLANG_WARN_DIRECT_OBJC_ISA_USAGE = YES_ERROR;
				CLANG_WARN_EMPTY_BODY = YES;
				CLANG_WARN_ENUM_CONVERSION = YES;
				CLANG_WARN_INT_CONVERSION = YES;
				CLANG_WARN_OBJC_ROOT_CLASS = YES_ERROR;
				CLANG_WARN_UNREACHABLE_CODE = YES;
				CLANG_WARN__DUPLICATE_METHOD_MATCH = YES;
				"CODE_SIGN_IDENTITY[sdk=iphoneos*]" = "iPhone Developer";
				COPY_PHASE_STRIP = NO;
				DEBUG_INFORMATION_FORMAT = "dwarf-with-dsym";
				ENABLE_NS_ASSERTIONS = NO;
				ENABLE_STRICT_OBJC_MSGSEND = YES;
				GCC_C_LANGUAGE_STANDARD = gnu99;
				GCC_NO_COMMON_BLOCKS = YES;
				GCC_WARN_64_TO_32_BIT_CONVERSION = YES;
				GCC_WARN_ABOUT_RETURN_TYPE = YES_ERROR;
				GCC_WARN_UNDECLARED_SELECTOR = YES;
				GCC_WARN_UNINITIALIZED_AUTOS = YES_AGGRESSIVE;
				GCC_WARN_UNUSED_FUNCTION = YES;
				GCC_WARN_UNUSED_VARIABLE = YES;
				IPHONEOS_DEPLOYMENT_TARGET = 7.1;
				MTL_ENABLE_DEBUG_INFO = NO;
				SDKROOT = iphoneos;
				VALIDATE_PRODUCT = YES;
			};
			name = Release;
		};
		35B5EA651BF469FE0003E27C /* Debug */ = {
			isa = XCBuildConfiguration;
			buildSettings = {
				ASSETCATALOG_COMPILER_APPICON_NAME = AppIcon;
				ASSETCATALOG_COMPILER_LAUNCHIMAGE_NAME = "Brand Assets";
				CODE_SIGN_IDENTITY = "iPhone Developer";
				INFOPLIST_FILE = AudioRecorder/Info.plist;
				LD_RUNPATH_SEARCH_PATHS = "$(inherited) @executable_path/Frameworks";
				PRODUCT_BUNDLE_IDENTIFIER = jp.co.myself.AudioRecorder;
				PRODUCT_NAME = "$(TARGET_NAME)";
			};
			name = Debug;
		};
		35B5EA661BF469FE0003E27C /* Release */ = {
			isa = XCBuildConfiguration;
			buildSettings = {
				ASSETCATALOG_COMPILER_APPICON_NAME = AppIcon;
				ASSETCATALOG_COMPILER_LAUNCHIMAGE_NAME = "Brand Assets";
				CODE_SIGN_IDENTITY = "iPhone Developer";
				INFOPLIST_FILE = AudioRecorder/Info.plist;
				LD_RUNPATH_SEARCH_PATHS = "$(inherited) @executable_path/Frameworks";
				PRODUCT_BUNDLE_IDENTIFIER = jp.co.myself.AudioRecorder;
				PRODUCT_NAME = "$(TARGET_NAME)";
			};
			name = Release;
		};
/* End XCBuildConfiguration section */

/* Begin XCConfigurationList section */
		35B5EA481BF469FD0003E27C /* Build configuration list for PBXProject "AudioRecorder" */ = {
			isa = XCConfigurationList;
			buildConfigurations = (
				35B5EA621BF469FE0003E27C /* Debug */,
				35B5EA631BF469FE0003E27C /* Release */,
			);
			defaultConfigurationIsVisible = 0;
			defaultConfigurationName = Release;
		};
		35B5EA641BF469FE0003E27C /* Build configuration list for PBXNativeTarget "AudioRecorder" */ = {
			isa = XCConfigurationList;
			buildConfigurations = (
				35B5EA651BF469FE0003E27C /* Debug */,
				35B5EA661BF469FE0003E27C /* Release */,
			);
			defaultConfigurationIsVisible = 0;
			defaultConfigurationName = Release;
		};
/* End XCConfigurationList section */
	};
	rootObject = 35B5EA451BF469FD0003E27C /* Project object */;
}
